// !$*UTF8*$!
{
	archiveVersion = 1;
	classes = {
	};
	objectVersion = 46;
	objects = {

/* Begin PBXBuildFile section */
		950DE43F1FA22EA3000A6350 /* VOCParser.swift in Sources */ = {isa = PBXBuildFile; fileRef = 950DE43E1FA22EA3000A6350 /* VOCParser.swift */; };
		952135711F97E72300F0226A /* VOCXMLParserTests.swift in Sources */ = {isa = PBXBuildFile; fileRef = 952135701F97E72300F0226A /* VOCXMLParserTests.swift */; };
		953D42BA1FA0CC1D00192CAD /* StreamHandler.swift in Sources */ = {isa = PBXBuildFile; fileRef = 953D42B91FA0CC1D00192CAD /* StreamHandler.swift */; };
		9547A4011FABA9C40091E33E /* TensorBoxTest.json in Resources */ = {isa = PBXBuildFile; fileRef = 9547A4001FABA9C40091E33E /* TensorBoxTest.json */; };
		9547A40C1FABAE940091E33E /* TensorBoxTestv2.json in Resources */ = {isa = PBXBuildFile; fileRef = 9547A40B1FABAE940091E33E /* TensorBoxTestv2.json */; };
		9547A40E1FACDDC20091E33E /* TensorBoxJSON.swift in Sources */ = {isa = PBXBuildFile; fileRef = 9547A40D1FACDDC20091E33E /* TensorBoxJSON.swift */; };
		957E6E0B1FB3CE8A006743E7 /* TensorBoxDecoderTest.swift in Sources */ = {isa = PBXBuildFile; fileRef = 957E6E0A1FB3CE8A006743E7 /* TensorBoxDecoderTest.swift */; };
		9587AEAD1FC3121300AFA091 /* XMLDictionaryParser.swift in Sources */ = {isa = PBXBuildFile; fileRef = 9587AEAC1FC3121300AFA091 /* XMLDictionaryParser.swift */; };
		959361891F9FDBA600410C5E /* MetaMergeUITests.swift in Sources */ = {isa = PBXBuildFile; fileRef = 959361871F9FDBA600410C5E /* MetaMergeUITests.swift */; };
		95BD76CF1F7B1957009AE6A4 /* VOCJSONDecoderTest.swift in Sources */ = {isa = PBXBuildFile; fileRef = 95BD76CE1F7B1957009AE6A4 /* VOCJSONDecoderTest.swift */; };
		95C8E0361F9A1D88004551E9 /* Resource.swift in Sources */ = {isa = PBXBuildFile; fileRef = 95C8E0341F9A1D88004551E9 /* Resource.swift */; };
		95C8E04B1F9A1E04004551E9 /* lepage-170604-DGP-9916.json in Resources */ = {isa = PBXBuildFile; fileRef = 95C8E0481F9A1E04004551E9 /* lepage-170604-DGP-9916.json */; };
		95C8E04C1F9A1E04004551E9 /* lepage-170604-DGP-9916.json in Resources */ = {isa = PBXBuildFile; fileRef = 95C8E0481F9A1E04004551E9 /* lepage-170604-DGP-9916.json */; };
		95C8E04E1F9A1E04004551E9 /* lepage-170604-DGP-9916.xml in Resources */ = {isa = PBXBuildFile; fileRef = 95C8E0491F9A1E04004551E9 /* lepage-170604-DGP-9916.xml */; };
		95C8E04F1F9A1E04004551E9 /* lepage-170604-DGP-9916.xml in Resources */ = {isa = PBXBuildFile; fileRef = 95C8E0491F9A1E04004551E9 /* lepage-170604-DGP-9916.xml */; };
		95C8E0511F9A1ED1004551E9 /* Resource.swift in Sources */ = {isa = PBXBuildFile; fileRef = 95C8E0341F9A1D88004551E9 /* Resource.swift */; };
		95C8E0521F9A1EE2004551E9 /* MetaMergeTests.swift in Sources */ = {isa = PBXBuildFile; fileRef = 95FB5D0D1F603D9000628D43 /* MetaMergeTests.swift */; };
		95C8E0531F9A1EF0004551E9 /* lepage-170604-DGP-9916.jpg in Resources */ = {isa = PBXBuildFile; fileRef = 9541B4671F97DEB400ACD4BF /* lepage-170604-DGP-9916.jpg */; };
		95C8E0541F9A1EF1004551E9 /* lepage-170604-DGP-9916.jpg in Resources */ = {isa = PBXBuildFile; fileRef = 9541B4671F97DEB400ACD4BF /* lepage-170604-DGP-9916.jpg */; };
		95C8E0561F9A1F08004551E9 /* Info.plist in Resources */ = {isa = PBXBuildFile; fileRef = 95FB5D0F1F603D9000628D43 /* Info.plist */; };
		95C8E0571F9A1F0C004551E9 /* VOCJSONDecoderTest.swift in Sources */ = {isa = PBXBuildFile; fileRef = 95BD76CE1F7B1957009AE6A4 /* VOCJSONDecoderTest.swift */; };
		95C8E0581F9A1F10004551E9 /* VOCXMLParserTests.swift in Sources */ = {isa = PBXBuildFile; fileRef = 952135701F97E72300F0226A /* VOCXMLParserTests.swift */; };
		95D844151F7887FE0051EEEC /* VOCJSONParser.swift in Sources */ = {isa = PBXBuildFile; fileRef = 95D844141F7887FE0051EEEC /* VOCJSONParser.swift */; };
		95D8E5491F6180B5004916A6 /* VOCXMLParser.swift in Sources */ = {isa = PBXBuildFile; fileRef = 95D8E5481F6180B5004916A6 /* VOCXMLParser.swift */; };
		95D8E54B1F61B242004916A6 /* VisualObject.swift in Sources */ = {isa = PBXBuildFile; fileRef = 95D8E54A1F61B242004916A6 /* VisualObject.swift */; };
		95FB5CFC1F603D8F00628D43 /* AppDelegate.swift in Sources */ = {isa = PBXBuildFile; fileRef = 95FB5CFB1F603D8F00628D43 /* AppDelegate.swift */; };
		95FB5CFE1F603D8F00628D43 /* ViewController.swift in Sources */ = {isa = PBXBuildFile; fileRef = 95FB5CFD1F603D8F00628D43 /* ViewController.swift */; };
		95FB5D001F603D8F00628D43 /* Assets.xcassets in Resources */ = {isa = PBXBuildFile; fileRef = 95FB5CFF1F603D8F00628D43 /* Assets.xcassets */; };
		95FB5D031F603D9000628D43 /* Main.storyboard in Resources */ = {isa = PBXBuildFile; fileRef = 95FB5D011F603D9000628D43 /* Main.storyboard */; };
		95FB5D0E1F603D9000628D43 /* MetaMergeTests.swift in Sources */ = {isa = PBXBuildFile; fileRef = 95FB5D0D1F603D9000628D43 /* MetaMergeTests.swift */; };
		95FB5D271F605BB100628D43 /* MetaFile.swift in Sources */ = {isa = PBXBuildFile; fileRef = 95FB5D261F605BB100628D43 /* MetaFile.swift */; };
/* End PBXBuildFile section */

/* Begin PBXContainerItemProxy section */
		95FB5D0A1F603D9000628D43 /* PBXContainerItemProxy */ = {
			isa = PBXContainerItemProxy;
			containerPortal = 95FB5CF01F603D8F00628D43 /* Project object */;
			proxyType = 1;
			remoteGlobalIDString = 95FB5CF71F603D8F00628D43;
			remoteInfo = MetaMerge;
		};
		95FB5D151F603D9000628D43 /* PBXContainerItemProxy */ = {
			isa = PBXContainerItemProxy;
			containerPortal = 95FB5CF01F603D8F00628D43 /* Project object */;
			proxyType = 1;
			remoteGlobalIDString = 95FB5CF71F603D8F00628D43;
			remoteInfo = MetaMerge;
		};
/* End PBXContainerItemProxy section */

/* Begin PBXFileReference section */
		950DE43E1FA22EA3000A6350 /* VOCParser.swift */ = {isa = PBXFileReference; lastKnownFileType = sourcecode.swift; path = VOCParser.swift; sourceTree = "<group>"; };
		952135701F97E72300F0226A /* VOCXMLParserTests.swift */ = {isa = PBXFileReference; lastKnownFileType = sourcecode.swift; path = VOCXMLParserTests.swift; sourceTree = "<group>"; };
		953D42B91FA0CC1D00192CAD /* StreamHandler.swift */ = {isa = PBXFileReference; lastKnownFileType = sourcecode.swift; path = StreamHandler.swift; sourceTree = "<group>"; };
		9541B4671F97DEB400ACD4BF /* lepage-170604-DGP-9916.jpg */ = {isa = PBXFileReference; lastKnownFileType = image.jpeg; path = "lepage-170604-DGP-9916.jpg"; sourceTree = "<group>"; };
		9547A4001FABA9C40091E33E /* TensorBoxTest.json */ = {isa = PBXFileReference; lastKnownFileType = text.json; path = TensorBoxTest.json; sourceTree = "<group>"; };
		9547A40B1FABAE940091E33E /* TensorBoxTestv2.json */ = {isa = PBXFileReference; lastKnownFileType = text.json; path = TensorBoxTestv2.json; sourceTree = "<group>"; };
		9547A40D1FACDDC20091E33E /* TensorBoxJSON.swift */ = {isa = PBXFileReference; lastKnownFileType = sourcecode.swift; path = TensorBoxJSON.swift; sourceTree = "<group>"; };
		957E6E0A1FB3CE8A006743E7 /* TensorBoxDecoderTest.swift */ = {isa = PBXFileReference; lastKnownFileType = sourcecode.swift; path = TensorBoxDecoderTest.swift; sourceTree = "<group>"; };
		9587AEAC1FC3121300AFA091 /* XMLDictionaryParser.swift */ = {isa = PBXFileReference; lastKnownFileType = sourcecode.swift; path = XMLDictionaryParser.swift; sourceTree = "<group>"; };
		959361861F9FDBA600410C5E /* Info.plist */ = {isa = PBXFileReference; fileEncoding = 4; lastKnownFileType = text.plist.xml; path = Info.plist; sourceTree = "<group>"; };
		959361871F9FDBA600410C5E /* MetaMergeUITests.swift */ = {isa = PBXFileReference; fileEncoding = 4; lastKnownFileType = sourcecode.swift; path = MetaMergeUITests.swift; sourceTree = "<group>"; };
		95BD76CE1F7B1957009AE6A4 /* VOCJSONDecoderTest.swift */ = {isa = PBXFileReference; fileEncoding = 4; lastKnownFileType = sourcecode.swift; path = VOCJSONDecoderTest.swift; sourceTree = "<group>"; };
		95C8E0341F9A1D88004551E9 /* Resource.swift */ = {isa = PBXFileReference; lastKnownFileType = sourcecode.swift; path = Resource.swift; sourceTree = "<group>"; };
		95C8E0481F9A1E04004551E9 /* lepage-170604-DGP-9916.json */ = {isa = PBXFileReference; fileEncoding = 4; lastKnownFileType = text.json; path = "lepage-170604-DGP-9916.json"; sourceTree = "<group>"; };
		95C8E0491F9A1E04004551E9 /* lepage-170604-DGP-9916.xml */ = {isa = PBXFileReference; fileEncoding = 4; lastKnownFileType = text.xml; path = "lepage-170604-DGP-9916.xml"; sourceTree = "<group>"; };
		95D844141F7887FE0051EEEC /* VOCJSONParser.swift */ = {isa = PBXFileReference; lastKnownFileType = sourcecode.swift; path = VOCJSONParser.swift; sourceTree = "<group>"; };
		95D8E5481F6180B5004916A6 /* VOCXMLParser.swift */ = {isa = PBXFileReference; fileEncoding = 4; lastKnownFileType = sourcecode.swift; name = VOCXMLParser.swift; path = util/VOCXMLParser.swift; sourceTree = "<group>"; };
		95D8E54A1F61B242004916A6 /* VisualObject.swift */ = {isa = PBXFileReference; fileEncoding = 4; lastKnownFileType = sourcecode.swift; name = VisualObject.swift; path = util/VisualObject.swift; sourceTree = "<group>"; };
		95FB5CF81F603D8F00628D43 /* MetaMerge.app */ = {isa = PBXFileReference; explicitFileType = wrapper.application; includeInIndex = 0; path = MetaMerge.app; sourceTree = BUILT_PRODUCTS_DIR; };
		95FB5CFB1F603D8F00628D43 /* AppDelegate.swift */ = {isa = PBXFileReference; lastKnownFileType = sourcecode.swift; path = AppDelegate.swift; sourceTree = "<group>"; };
		95FB5CFD1F603D8F00628D43 /* ViewController.swift */ = {isa = PBXFileReference; lastKnownFileType = sourcecode.swift; path = ViewController.swift; sourceTree = "<group>"; };
		95FB5CFF1F603D8F00628D43 /* Assets.xcassets */ = {isa = PBXFileReference; lastKnownFileType = folder.assetcatalog; path = Assets.xcassets; sourceTree = "<group>"; };
		95FB5D021F603D9000628D43 /* Base */ = {isa = PBXFileReference; lastKnownFileType = file.storyboard; name = Base; path = Base.lproj/Main.storyboard; sourceTree = "<group>"; };
		95FB5D041F603D9000628D43 /* Info.plist */ = {isa = PBXFileReference; lastKnownFileType = text.plist.xml; path = Info.plist; sourceTree = "<group>"; };
		95FB5D091F603D9000628D43 /* MetaMergeTests.xctest */ = {isa = PBXFileReference; explicitFileType = wrapper.cfbundle; includeInIndex = 0; path = MetaMergeTests.xctest; sourceTree = BUILT_PRODUCTS_DIR; };
		95FB5D0D1F603D9000628D43 /* MetaMergeTests.swift */ = {isa = PBXFileReference; lastKnownFileType = sourcecode.swift; path = MetaMergeTests.swift; sourceTree = "<group>"; };
		95FB5D0F1F603D9000628D43 /* Info.plist */ = {isa = PBXFileReference; lastKnownFileType = text.plist.xml; path = Info.plist; sourceTree = "<group>"; };
		95FB5D141F603D9000628D43 /* MetaMergeUITests.xctest */ = {isa = PBXFileReference; explicitFileType = wrapper.cfbundle; includeInIndex = 0; path = MetaMergeUITests.xctest; sourceTree = BUILT_PRODUCTS_DIR; };
		95FB5D261F605BB100628D43 /* MetaFile.swift */ = {isa = PBXFileReference; fileEncoding = 4; lastKnownFileType = sourcecode.swift; name = MetaFile.swift; path = util/MetaFile.swift; sourceTree = "<group>"; };
/* End PBXFileReference section */

/* Begin PBXFrameworksBuildPhase section */
		95FB5CF51F603D8F00628D43 /* Frameworks */ = {
			isa = PBXFrameworksBuildPhase;
			buildActionMask = 2147483647;
			files = (
			);
			runOnlyForDeploymentPostprocessing = 0;
		};
		95FB5D061F603D9000628D43 /* Frameworks */ = {
			isa = PBXFrameworksBuildPhase;
			buildActionMask = 2147483647;
			files = (
			);
			runOnlyForDeploymentPostprocessing = 0;
		};
		95FB5D111F603D9000628D43 /* Frameworks */ = {
			isa = PBXFrameworksBuildPhase;
			buildActionMask = 2147483647;
			files = (
			);
			runOnlyForDeploymentPostprocessing = 0;
		};
/* End PBXFrameworksBuildPhase section */

/* Begin PBXGroup section */
		9541B4631F97DE0D00ACD4BF /* images */ = {
			isa = PBXGroup;
			children = (
				95C8E0481F9A1E04004551E9 /* lepage-170604-DGP-9916.json */,
				95C8E0491F9A1E04004551E9 /* lepage-170604-DGP-9916.xml */,
				9541B4671F97DEB400ACD4BF /* lepage-170604-DGP-9916.jpg */,
				9547A4001FABA9C40091E33E /* TensorBoxTest.json */,
				9547A40B1FABAE940091E33E /* TensorBoxTestv2.json */,
			);
			path = images;
			sourceTree = "<group>";
		};
		95BD76E51F7B1F67009AE6A4 /* Frameworks */ = {
			isa = PBXGroup;
			children = (
			);
			name = Frameworks;
			sourceTree = "<group>";
		};
		95C8E0501F9A1E67004551E9 /* Resources */ = {
			isa = PBXGroup;
			children = (
				9541B4631F97DE0D00ACD4BF /* images */,
			);
			path = Resources;
			sourceTree = "<group>";
		};
		95FB5CEF1F603D8F00628D43 = {
			isa = PBXGroup;
			children = (
				95FB5CFA1F603D8F00628D43 /* MetaMerge */,
				95FB5D0C1F603D9000628D43 /* MetaMergeTests */,
				95FB5D171F603D9000628D43 /* MetaMergeUITests */,
				95FB5CF91F603D8F00628D43 /* Products */,
				95BD76E51F7B1F67009AE6A4 /* Frameworks */,
			);
			sourceTree = "<group>";
		};
		95FB5CF91F603D8F00628D43 /* Products */ = {
			isa = PBXGroup;
			children = (
				95FB5CF81F603D8F00628D43 /* MetaMerge.app */,
				95FB5D091F603D9000628D43 /* MetaMergeTests.xctest */,
				95FB5D141F603D9000628D43 /* MetaMergeUITests.xctest */,
			);
			name = Products;
			sourceTree = "<group>";
		};
		95FB5CFA1F603D8F00628D43 /* MetaMerge */ = {
			isa = PBXGroup;
			children = (
				95FB5CFB1F603D8F00628D43 /* AppDelegate.swift */,
				95FB5CFD1F603D8F00628D43 /* ViewController.swift */,
				95FB5CFF1F603D8F00628D43 /* Assets.xcassets */,
				95FB5D011F603D9000628D43 /* Main.storyboard */,
				95FB5D041F603D9000628D43 /* Info.plist */,
				95FB5D261F605BB100628D43 /* MetaFile.swift */,
				950DE43E1FA22EA3000A6350 /* VOCParser.swift */,
				95D8E5481F6180B5004916A6 /* VOCXMLParser.swift */,
				9587AEAC1FC3121300AFA091 /* XMLDictionaryParser.swift */,
				95D8E54A1F61B242004916A6 /* VisualObject.swift */,
				9547A40D1FACDDC20091E33E /* TensorBoxJSON.swift */,
				95D844141F7887FE0051EEEC /* VOCJSONParser.swift */,
				953D42B91FA0CC1D00192CAD /* StreamHandler.swift */,
			);
			path = MetaMerge;
			sourceTree = "<group>";
		};
		95FB5D0C1F603D9000628D43 /* MetaMergeTests */ = {
			isa = PBXGroup;
			children = (
				95C8E0341F9A1D88004551E9 /* Resource.swift */,
				95C8E0501F9A1E67004551E9 /* Resources */,
				95FB5D0D1F603D9000628D43 /* MetaMergeTests.swift */,
				95FB5D0F1F603D9000628D43 /* Info.plist */,
				957E6E0A1FB3CE8A006743E7 /* TensorBoxDecoderTest.swift */,
				95BD76CE1F7B1957009AE6A4 /* VOCJSONDecoderTest.swift */,
				952135701F97E72300F0226A /* VOCXMLParserTests.swift */,
			);
			path = MetaMergeTests;
			sourceTree = "<group>";
		};
		95FB5D171F603D9000628D43 /* MetaMergeUITests */ = {
			isa = PBXGroup;
			children = (
				959361861F9FDBA600410C5E /* Info.plist */,
				959361871F9FDBA600410C5E /* MetaMergeUITests.swift */,
			);
			path = MetaMergeUITests;
			sourceTree = "<group>";
		};
/* End PBXGroup section */

/* Begin PBXNativeTarget section */
		95FB5CF71F603D8F00628D43 /* MetaMerge */ = {
			isa = PBXNativeTarget;
			buildConfigurationList = 95FB5D1D1F603D9000628D43 /* Build configuration list for PBXNativeTarget "MetaMerge" */;
			buildPhases = (
				95FB5CF41F603D8F00628D43 /* Sources */,
				95FB5CF51F603D8F00628D43 /* Frameworks */,
				95FB5CF61F603D8F00628D43 /* Resources */,
			);
			buildRules = (
			);
			dependencies = (
			);
			name = MetaMerge;
			productName = MetaMerge;
			productReference = 95FB5CF81F603D8F00628D43 /* MetaMerge.app */;
			productType = "com.apple.product-type.application";
		};
		95FB5D081F603D9000628D43 /* MetaMergeTests */ = {
			isa = PBXNativeTarget;
			buildConfigurationList = 95FB5D201F603D9000628D43 /* Build configuration list for PBXNativeTarget "MetaMergeTests" */;
			buildPhases = (
				95FB5D051F603D9000628D43 /* Sources */,
				95FB5D061F603D9000628D43 /* Frameworks */,
				95FB5D071F603D9000628D43 /* Resources */,
			);
			buildRules = (
			);
			dependencies = (
				95FB5D0B1F603D9000628D43 /* PBXTargetDependency */,
			);
			name = MetaMergeTests;
			productName = MetaMergeTests;
			productReference = 95FB5D091F603D9000628D43 /* MetaMergeTests.xctest */;
			productType = "com.apple.product-type.bundle.unit-test";
		};
		95FB5D131F603D9000628D43 /* MetaMergeUITests */ = {
			isa = PBXNativeTarget;
			buildConfigurationList = 95FB5D231F603D9000628D43 /* Build configuration list for PBXNativeTarget "MetaMergeUITests" */;
			buildPhases = (
				95FB5D101F603D9000628D43 /* Sources */,
				95FB5D111F603D9000628D43 /* Frameworks */,
				95FB5D121F603D9000628D43 /* Resources */,
			);
			buildRules = (
			);
			dependencies = (
				95FB5D161F603D9000628D43 /* PBXTargetDependency */,
			);
			name = MetaMergeUITests;
			productName = MetaMergeUITests;
			productReference = 95FB5D141F603D9000628D43 /* MetaMergeUITests.xctest */;
			productType = "com.apple.product-type.bundle.ui-testing";
		};
/* End PBXNativeTarget section */

/* Begin PBXProject section */
		95FB5CF01F603D8F00628D43 /* Project object */ = {
			isa = PBXProject;
			attributes = {
				LastSwiftUpdateCheck = 0830;
				LastUpgradeCheck = 0910;
				ORGANIZATIONNAME = "Dan Hushon";
				TargetAttributes = {
					95FB5CF71F603D8F00628D43 = {
						CreatedOnToolsVersion = 8.3.3;
						LastSwiftMigration = 0900;
						ProvisioningStyle = Automatic;
					};
					95FB5D081F603D9000628D43 = {
						CreatedOnToolsVersion = 8.3.3;
						ProvisioningStyle = Automatic;
						TestTargetID = 95FB5CF71F603D8F00628D43;
					};
					95FB5D131F603D9000628D43 = {
						CreatedOnToolsVersion = 8.3.3;
						ProvisioningStyle = Automatic;
						TestTargetID = 95FB5CF71F603D8F00628D43;
					};
				};
			};
			buildConfigurationList = 95FB5CF31F603D8F00628D43 /* Build configuration list for PBXProject "MetaMerge" */;
			compatibilityVersion = "Xcode 3.2";
			developmentRegion = English;
			hasScannedForEncodings = 0;
			knownRegions = (
				en,
				Base,
			);
			mainGroup = 95FB5CEF1F603D8F00628D43;
			productRefGroup = 95FB5CF91F603D8F00628D43 /* Products */;
			projectDirPath = "";
			projectRoot = "";
			targets = (
				95FB5CF71F603D8F00628D43 /* MetaMerge */,
				95FB5D081F603D9000628D43 /* MetaMergeTests */,
				95FB5D131F603D9000628D43 /* MetaMergeUITests */,
			);
		};
/* End PBXProject section */

/* Begin PBXResourcesBuildPhase section */
		95FB5CF61F603D8F00628D43 /* Resources */ = {
			isa = PBXResourcesBuildPhase;
			buildActionMask = 2147483647;
			files = (
				95FB5D001F603D8F00628D43 /* Assets.xcassets in Resources */,
				95FB5D031F603D9000628D43 /* Main.storyboard in Resources */,
			);
			runOnlyForDeploymentPostprocessing = 0;
		};
		95FB5D071F603D9000628D43 /* Resources */ = {
			isa = PBXResourcesBuildPhase;
			buildActionMask = 2147483647;
			files = (
				95C8E04E1F9A1E04004551E9 /* lepage-170604-DGP-9916.xml in Resources */,
				95C8E04B1F9A1E04004551E9 /* lepage-170604-DGP-9916.json in Resources */,
				9547A4011FABA9C40091E33E /* TensorBoxTest.json in Resources */,
				9547A40C1FABAE940091E33E /* TensorBoxTestv2.json in Resources */,
				95C8E0531F9A1EF0004551E9 /* lepage-170604-DGP-9916.jpg in Resources */,
			);
			runOnlyForDeploymentPostprocessing = 0;
		};
		95FB5D121F603D9000628D43 /* Resources */ = {
			isa = PBXResourcesBuildPhase;
			buildActionMask = 2147483647;
			files = (
				95C8E0561F9A1F08004551E9 /* Info.plist in Resources */,
				95C8E04F1F9A1E04004551E9 /* lepage-170604-DGP-9916.xml in Resources */,
				95C8E04C1F9A1E04004551E9 /* lepage-170604-DGP-9916.json in Resources */,
				95C8E0541F9A1EF1004551E9 /* lepage-170604-DGP-9916.jpg in Resources */,
			);
			runOnlyForDeploymentPostprocessing = 0;
		};
/* End PBXResourcesBuildPhase section */

/* Begin PBXSourcesBuildPhase section */
		95FB5CF41F603D8F00628D43 /* Sources */ = {
			isa = PBXSourcesBuildPhase;
			buildActionMask = 2147483647;
			files = (
				95D8E54B1F61B242004916A6 /* VisualObject.swift in Sources */,
				9547A40E1FACDDC20091E33E /* TensorBoxJSON.swift in Sources */,
				9587AEAD1FC3121300AFA091 /* XMLDictionaryParser.swift in Sources */,
				950DE43F1FA22EA3000A6350 /* VOCParser.swift in Sources */,
				95FB5CFE1F603D8F00628D43 /* ViewController.swift in Sources */,
				953D42BA1FA0CC1D00192CAD /* StreamHandler.swift in Sources */,
				95FB5CFC1F603D8F00628D43 /* AppDelegate.swift in Sources */,
				95D844151F7887FE0051EEEC /* VOCJSONParser.swift in Sources */,
				95D8E5491F6180B5004916A6 /* VOCXMLParser.swift in Sources */,
				95FB5D271F605BB100628D43 /* MetaFile.swift in Sources */,
			);
			runOnlyForDeploymentPostprocessing = 0;
		};
		95FB5D051F603D9000628D43 /* Sources */ = {
			isa = PBXSourcesBuildPhase;
			buildActionMask = 2147483647;
			files = (
				95FB5D0E1F603D9000628D43 /* MetaMergeTests.swift in Sources */,
				95C8E0361F9A1D88004551E9 /* Resource.swift in Sources */,
				952135711F97E72300F0226A /* VOCXMLParserTests.swift in Sources */,
				95BD76CF1F7B1957009AE6A4 /* VOCJSONDecoderTest.swift in Sources */,
				957E6E0B1FB3CE8A006743E7 /* TensorBoxDecoderTest.swift in Sources */,
			);
			runOnlyForDeploymentPostprocessing = 0;
		};
		95FB5D101F603D9000628D43 /* Sources */ = {
			isa = PBXSourcesBuildPhase;
			buildActionMask = 2147483647;
			files = (
				95C8E0581F9A1F10004551E9 /* VOCXMLParserTests.swift in Sources */,
				959361891F9FDBA600410C5E /* MetaMergeUITests.swift in Sources */,
				95C8E0511F9A1ED1004551E9 /* Resource.swift in Sources */,
				95C8E0521F9A1EE2004551E9 /* MetaMergeTests.swift in Sources */,
				95C8E0571F9A1F0C004551E9 /* VOCJSONDecoderTest.swift in Sources */,
			);
			runOnlyForDeploymentPostprocessing = 0;
		};
/* End PBXSourcesBuildPhase section */

/* Begin PBXTargetDependency section */
		95FB5D0B1F603D9000628D43 /* PBXTargetDependency */ = {
			isa = PBXTargetDependency;
			target = 95FB5CF71F603D8F00628D43 /* MetaMerge */;
			targetProxy = 95FB5D0A1F603D9000628D43 /* PBXContainerItemProxy */;
		};
		95FB5D161F603D9000628D43 /* PBXTargetDependency */ = {
			isa = PBXTargetDependency;
			target = 95FB5CF71F603D8F00628D43 /* MetaMerge */;
			targetProxy = 95FB5D151F603D9000628D43 /* PBXContainerItemProxy */;
		};
/* End PBXTargetDependency section */

/* Begin PBXVariantGroup section */
		95FB5D011F603D9000628D43 /* Main.storyboard */ = {
			isa = PBXVariantGroup;
			children = (
				95FB5D021F603D9000628D43 /* Base */,
			);
			name = Main.storyboard;
			sourceTree = "<group>";
		};
/* End PBXVariantGroup section */

/* Begin XCBuildConfiguration section */
		95FB5D1B1F603D9000628D43 /* Debug */ = {
			isa = XCBuildConfiguration;
			buildSettings = {
				ALWAYS_SEARCH_USER_PATHS = NO;
				CLANG_ANALYZER_NONNULL = YES;
				CLANG_ANALYZER_NUMBER_OBJECT_CONVERSION = YES_AGGRESSIVE;
				CLANG_CXX_LANGUAGE_STANDARD = "gnu++0x";
				CLANG_CXX_LIBRARY = "libc++";
				CLANG_ENABLE_MODULES = YES;
				CLANG_ENABLE_OBJC_ARC = YES;
				CLANG_WARN_BLOCK_CAPTURE_AUTORELEASING = YES;
				CLANG_WARN_BOOL_CONVERSION = YES;
				CLANG_WARN_COMMA = YES;
				CLANG_WARN_CONSTANT_CONVERSION = YES;
				CLANG_WARN_DIRECT_OBJC_ISA_USAGE = YES_ERROR;
				CLANG_WARN_DOCUMENTATION_COMMENTS = YES;
				CLANG_WARN_EMPTY_BODY = YES;
				CLANG_WARN_ENUM_CONVERSION = YES;
				CLANG_WARN_INFINITE_RECURSION = YES;
				CLANG_WARN_INT_CONVERSION = YES;
				CLANG_WARN_NON_LITERAL_NULL_CONVERSION = YES;
				CLANG_WARN_OBJC_LITERAL_CONVERSION = YES;
				CLANG_WARN_OBJC_ROOT_CLASS = YES_ERROR;
				CLANG_WARN_RANGE_LOOP_ANALYSIS = YES;
				CLANG_WARN_STRICT_PROTOTYPES = YES;
				CLANG_WARN_SUSPICIOUS_MOVE = YES;
				CLANG_WARN_UNREACHABLE_CODE = YES;
				CLANG_WARN__DUPLICATE_METHOD_MATCH = YES;
				CODE_SIGN_IDENTITY = "-";
				COPY_PHASE_STRIP = NO;
				DEBUG_INFORMATION_FORMAT = dwarf;
				ENABLE_STRICT_OBJC_MSGSEND = YES;
				ENABLE_TESTABILITY = YES;
				GCC_C_LANGUAGE_STANDARD = gnu99;
				GCC_DYNAMIC_NO_PIC = NO;
				GCC_NO_COMMON_BLOCKS = YES;
				GCC_OPTIMIZATION_LEVEL = 0;
				GCC_PREPROCESSOR_DEFINITIONS = (
					"DEBUG=1",
					"$(inherited)",
				);
				GCC_WARN_64_TO_32_BIT_CONVERSION = YES;
				GCC_WARN_ABOUT_RETURN_TYPE = YES_ERROR;
				GCC_WARN_UNDECLARED_SELECTOR = YES;
				GCC_WARN_UNINITIALIZED_AUTOS = YES_AGGRESSIVE;
				GCC_WARN_UNUSED_FUNCTION = YES;
				GCC_WARN_UNUSED_VARIABLE = YES;
				MACOSX_DEPLOYMENT_TARGET = 10.13;
				MTL_ENABLE_DEBUG_INFO = YES;
				ONLY_ACTIVE_ARCH = YES;
				SDKROOT = macosx;
				SWIFT_ACTIVE_COMPILATION_CONDITIONS = DEBUG;
				SWIFT_OPTIMIZATION_LEVEL = "-Onone";
			};
			name = Debug;
		};
		95FB5D1C1F603D9000628D43 /* Release */ = {
			isa = XCBuildConfiguration;
			buildSettings = {
				ALWAYS_SEARCH_USER_PATHS = NO;
				CLANG_ANALYZER_NONNULL = YES;
				CLANG_ANALYZER_NUMBER_OBJECT_CONVERSION = YES_AGGRESSIVE;
				CLANG_CXX_LANGUAGE_STANDARD = "gnu++0x";
				CLANG_CXX_LIBRARY = "libc++";
				CLANG_ENABLE_MODULES = YES;
				CLANG_ENABLE_OBJC_ARC = YES;
				CLANG_WARN_BLOCK_CAPTURE_AUTORELEASING = YES;
				CLANG_WARN_BOOL_CONVERSION = YES;
				CLANG_WARN_COMMA = YES;
				CLANG_WARN_CONSTANT_CONVERSION = YES;
				CLANG_WARN_DIRECT_OBJC_ISA_USAGE = YES_ERROR;
				CLANG_WARN_DOCUMENTATION_COMMENTS = YES;
				CLANG_WARN_EMPTY_BODY = YES;
				CLANG_WARN_ENUM_CONVERSION = YES;
				CLANG_WARN_INFINITE_RECURSION = YES;
				CLANG_WARN_INT_CONVERSION = YES;
				CLANG_WARN_NON_LITERAL_NULL_CONVERSION = YES;
				CLANG_WARN_OBJC_LITERAL_CONVERSION = YES;
				CLANG_WARN_OBJC_ROOT_CLASS = YES_ERROR;
				CLANG_WARN_RANGE_LOOP_ANALYSIS = YES;
				CLANG_WARN_STRICT_PROTOTYPES = YES;
				CLANG_WARN_SUSPICIOUS_MOVE = YES;
				CLANG_WARN_UNREACHABLE_CODE = YES;
				CLANG_WARN__DUPLICATE_METHOD_MATCH = YES;
				CODE_SIGN_IDENTITY = "-";
				COPY_PHASE_STRIP = NO;
				DEBUG_INFORMATION_FORMAT = "dwarf-with-dsym";
				ENABLE_NS_ASSERTIONS = NO;
				ENABLE_STRICT_OBJC_MSGSEND = YES;
				GCC_C_LANGUAGE_STANDARD = gnu99;
				GCC_NO_COMMON_BLOCKS = YES;
				GCC_WARN_64_TO_32_BIT_CONVERSION = YES;
				GCC_WARN_ABOUT_RETURN_TYPE = YES_ERROR;
				GCC_WARN_UNDECLARED_SELECTOR = YES;
				GCC_WARN_UNINITIALIZED_AUTOS = YES_AGGRESSIVE;
				GCC_WARN_UNUSED_FUNCTION = YES;
				GCC_WARN_UNUSED_VARIABLE = YES;
				MACOSX_DEPLOYMENT_TARGET = 10.13;
				MTL_ENABLE_DEBUG_INFO = NO;
				SDKROOT = macosx;
				SWIFT_OPTIMIZATION_LEVEL = "-Owholemodule";
			};
			name = Release;
		};
		95FB5D1E1F603D9000628D43 /* Debug */ = {
			isa = XCBuildConfiguration;
			buildSettings = {
				ASSETCATALOG_COMPILER_APPICON_NAME = AppIcon;
				COMBINE_HIDPI_IMAGES = YES;
				INFOPLIST_FILE = MetaMerge/Info.plist;
				LD_RUNPATH_SEARCH_PATHS = "$(inherited) @executable_path/../Frameworks";
				MACOSX_DEPLOYMENT_TARGET = 10.13;
				PRODUCT_BUNDLE_IDENTIFIER = DXC.MetaMerge;
				PRODUCT_NAME = "$(TARGET_NAME)";
				SWIFT_SWIFT3_OBJC_INFERENCE = Default;
				SWIFT_VERSION = 4.0;
			};
			name = Debug;
		};
		95FB5D1F1F603D9000628D43 /* Release */ = {
			isa = XCBuildConfiguration;
			buildSettings = {
				ASSETCATALOG_COMPILER_APPICON_NAME = AppIcon;
				COMBINE_HIDPI_IMAGES = YES;
				INFOPLIST_FILE = MetaMerge/Info.plist;
				LD_RUNPATH_SEARCH_PATHS = "$(inherited) @executable_path/../Frameworks";
				MACOSX_DEPLOYMENT_TARGET = 10.13;
				PRODUCT_BUNDLE_IDENTIFIER = DXC.MetaMerge;
				PRODUCT_NAME = "$(TARGET_NAME)";
				SWIFT_SWIFT3_OBJC_INFERENCE = Default;
				SWIFT_VERSION = 4.0;
			};
			name = Release;
		};
		95FB5D211F603D9000628D43 /* Debug */ = {
			isa = XCBuildConfiguration;
			buildSettings = {
				ALWAYS_EMBED_SWIFT_STANDARD_LIBRARIES = YES;
				BUNDLE_LOADER = "$(TEST_HOST)";
				COMBINE_HIDPI_IMAGES = YES;
				INFOPLIST_FILE = MetaMergeTests/Info.plist;
				IPHONEOS_DEPLOYMENT_TARGET = 11.0;
				LD_RUNPATH_SEARCH_PATHS = "$(inherited) @executable_path/../Frameworks @loader_path/../Frameworks";
				MACOSX_DEPLOYMENT_TARGET = 10.13;
				PRODUCT_BUNDLE_IDENTIFIER = DXC.MetaMergeTests;
				PRODUCT_NAME = "$(TARGET_NAME)";
				SWIFT_SWIFT3_OBJC_INFERENCE = Default;
				SWIFT_VERSION = 4.0;
				TEST_HOST = "$(BUILT_PRODUCTS_DIR)/MetaMerge.app/Contents/MacOS/MetaMerge";
			};
			name = Debug;
		};
		95FB5D221F603D9000628D43 /* Release */ = {
			isa = XCBuildConfiguration;
			buildSettings = {
				ALWAYS_EMBED_SWIFT_STANDARD_LIBRARIES = YES;
				BUNDLE_LOADER = "$(TEST_HOST)";
				COMBINE_HIDPI_IMAGES = YES;
				INFOPLIST_FILE = MetaMergeTests/Info.plist;
				IPHONEOS_DEPLOYMENT_TARGET = 11.0;
				LD_RUNPATH_SEARCH_PATHS = "$(inherited) @executable_path/../Frameworks @loader_path/../Frameworks";
				MACOSX_DEPLOYMENT_TARGET = 10.13;
				PRODUCT_BUNDLE_IDENTIFIER = DXC.MetaMergeTests;
				PRODUCT_NAME = "$(TARGET_NAME)";
				SWIFT_SWIFT3_OBJC_INFERENCE = Default;
				SWIFT_VERSION = 4.0;
				TEST_HOST = "$(BUILT_PRODUCTS_DIR)/MetaMerge.app/Contents/MacOS/MetaMerge";
			};
			name = Release;
		};
		95FB5D241F603D9000628D43 /* Debug */ = {
			isa = XCBuildConfiguration;
			buildSettings = {
				ALWAYS_EMBED_SWIFT_STANDARD_LIBRARIES = YES;
				COMBINE_HIDPI_IMAGES = YES;
				INFOPLIST_FILE = MetaMergeUITests/Info.plist;
				LD_RUNPATH_SEARCH_PATHS = "$(inherited) @executable_path/../Frameworks @loader_path/../Frameworks";
				PRODUCT_BUNDLE_IDENTIFIER = DXC.MetaMergeUITests;
				PRODUCT_NAME = "$(TARGET_NAME)";
				SWIFT_VERSION = 4.0;
				TEST_TARGET_NAME = MetaMerge;
			};
			name = Debug;
		};
		95FB5D251F603D9000628D43 /* Release */ = {
			isa = XCBuildConfiguration;
			buildSettings = {
				ALWAYS_EMBED_SWIFT_STANDARD_LIBRARIES = YES;
				COMBINE_HIDPI_IMAGES = YES;
				INFOPLIST_FILE = MetaMergeUITests/Info.plist;
				LD_RUNPATH_SEARCH_PATHS = "$(inherited) @executable_path/../Frameworks @loader_path/../Frameworks";
				PRODUCT_BUNDLE_IDENTIFIER = DXC.MetaMergeUITests;
				PRODUCT_NAME = "$(TARGET_NAME)";
				SWIFT_VERSION = 4.0;
				TEST_TARGET_NAME = MetaMerge;
			};
			name = Release;
		};
/* End XCBuildConfiguration section */

/* Begin XCConfigurationList section */
		95FB5CF31F603D8F00628D43 /* Build configuration list for PBXProject "MetaMerge" */ = {
			isa = XCConfigurationList;
			buildConfigurations = (
				95FB5D1B1F603D9000628D43 /* Debug */,
				95FB5D1C1F603D9000628D43 /* Release */,
			);
			defaultConfigurationIsVisible = 0;
			defaultConfigurationName = Release;
		};
		95FB5D1D1F603D9000628D43 /* Build configuration list for PBXNativeTarget "MetaMerge" */ = {
			isa = XCConfigurationList;
			buildConfigurations = (
				95FB5D1E1F603D9000628D43 /* Debug */,
				95FB5D1F1F603D9000628D43 /* Release */,
			);
			defaultConfigurationIsVisible = 0;
			defaultConfigurationName = Release;
		};
		95FB5D201F603D9000628D43 /* Build configuration list for PBXNativeTarget "MetaMergeTests" */ = {
			isa = XCConfigurationList;
			buildConfigurations = (
				95FB5D211F603D9000628D43 /* Debug */,
				95FB5D221F603D9000628D43 /* Release */,
			);
			defaultConfigurationIsVisible = 0;
			defaultConfigurationName = Release;
		};
		95FB5D231F603D9000628D43 /* Build configuration list for PBXNativeTarget "MetaMergeUITests" */ = {
			isa = XCConfigurationList;
			buildConfigurations = (
				95FB5D241F603D9000628D43 /* Debug */,
				95FB5D251F603D9000628D43 /* Release */,
			);
			defaultConfigurationIsVisible = 0;
			defaultConfigurationName = Release;
		};
/* End XCConfigurationList section */
	};
	rootObject = 95FB5CF01F603D8F00628D43 /* Project object */;
}
